
Microsoft Visual Studio Solution File, Format Version 12.00
# Visual Studio 15
VisualStudioVersion = 15.0.27428.2037
MinimumVisualStudioVersion = 10.0.40219.1
Project("{FAE04EC0-301F-11D3-BF4B-00C04F79EFBC}") = "CPSC-5051-PA2", "CPSC-5051-PA2\CPSC-5051-PA2.csproj", "{08FDDBB2-0A6F-44DC-A6CF-378A8FC0C015}"
EndProject
Global
	GlobalSection(SolutionConfigurationPlatforms) = preSolution
		Debug|Any CPU = Debug|Any CPU
		Release|Any CPU = Release|Any CPU
	EndGlobalSection
	GlobalSection(ProjectConfigurationPlatforms) = postSolution
		{08FDDBB2-0A6F-44DC-A6CF-378A8FC0C015}.Debug|Any CPU.ActiveCfg = Debug|Any CPU
		{08FDDBB2-0A6F-44DC-A6CF-378A8FC0C015}.Debug|Any CPU.Build.0 = Debug|Any CPU
		{08FDDBB2-0A6F-44DC-A6CF-378A8FC0C015}.Release|Any CPU.ActiveCfg = Release|Any CPU
		{08FDDBB2-0A6F-44DC-A6CF-378A8FC0C015}.Release|Any CPU.Build.0 = Release|Any CPU
	EndGlobalSection
	GlobalSection(SolutionProperties) = preSolution
		HideSolutionNode = FALSE
	EndGlobalSection
	GlobalSection(ExtensibilityGlobals) = postSolution
		SolutionGuid = {FEC4757E-1052-4A53-BD34-0A2E79C146F5}
	EndGlobalSection
EndGlobal
